
Microsoft Visual Studio Solution File, Format Version 12.00
# Visual Studio Version 17
VisualStudioVersion = 17.5.002.0
MinimumVisualStudioVersion = 10.0.40219.1
Project("{2150E333-8FDC-42A3-9474-1A3956D46DE8}") = "Scripts", "Scripts", "{01874AD6-A8AB-4F7F-BC0D-96D5D2D1003F}"
EndProject
Project("{2150E333-8FDC-42A3-9474-1A3956D46DE8}") = "docker", "docker", "{8CF1558A-F996-469A-8344-5D7414F24619}"
EndProject
Project("{9A19103F-16F7-4668-BE54-9A1E7A4F7556}") = "ForDocker", "Scripts\docker\ForDocker\ForDocker.csproj", "{28437969-C7C4-4B72-95BF-402A57399E8B}"
EndProject
Project("{2150E333-8FDC-42A3-9474-1A3956D46DE8}") = "dotnet", "dotnet", "{2CA271D9-6CD6-4FF8-904D-4E92F4400042}"
EndProject
Project("{2150E333-8FDC-42A3-9474-1A3956D46DE8}") = "src", "src", "{843D3D50-5CEC-4947-9D60-4752E550C08C}"
EndProject
Project("{2150E333-8FDC-42A3-9474-1A3956D46DE8}") = "Example", "Example", "{FF46C924-0D9D-4205-94AD-0916D25CF325}"
EndProject
Project("{9A19103F-16F7-4668-BE54-9A1E7A4F7556}") = "AspNetCoreDemo", "Scripts\dotnet\src\Example\Example\AspNetCoreDemo.csproj", "{D0E3E485-7934-4F5B-BE04-E0AAA09B2667}"
EndProject
Global
	GlobalSection(SolutionConfigurationPlatforms) = preSolution
		Debug|Any CPU = Debug|Any CPU
		Release|Any CPU = Release|Any CPU
	EndGlobalSection
	GlobalSection(ProjectConfigurationPlatforms) = postSolution
		{28437969-C7C4-4B72-95BF-402A57399E8B}.Debug|Any CPU.ActiveCfg = Debug|Any CPU
		{28437969-C7C4-4B72-95BF-402A57399E8B}.Debug|Any CPU.Build.0 = Debug|Any CPU
		{28437969-C7C4-4B72-95BF-402A57399E8B}.Release|Any CPU.ActiveCfg = Release|Any CPU
		{28437969-C7C4-4B72-95BF-402A57399E8B}.Release|Any CPU.Build.0 = Release|Any CPU
		{D0E3E485-7934-4F5B-BE04-E0AAA09B2667}.Debug|Any CPU.ActiveCfg = Debug|Any CPU
		{D0E3E485-7934-4F5B-BE04-E0AAA09B2667}.Debug|Any CPU.Build.0 = Debug|Any CPU
		{D0E3E485-7934-4F5B-BE04-E0AAA09B2667}.Release|Any CPU.ActiveCfg = Release|Any CPU
		{D0E3E485-7934-4F5B-BE04-E0AAA09B2667}.Release|Any CPU.Build.0 = Release|Any CPU
	EndGlobalSection
	GlobalSection(SolutionProperties) = preSolution
		HideSolutionNode = FALSE
	EndGlobalSection
	GlobalSection(NestedProjects) = preSolution
		{8CF1558A-F996-469A-8344-5D7414F24619} = {01874AD6-A8AB-4F7F-BC0D-96D5D2D1003F}
		{28437969-C7C4-4B72-95BF-402A57399E8B} = {8CF1558A-F996-469A-8344-5D7414F24619}
		{2CA271D9-6CD6-4FF8-904D-4E92F4400042} = {01874AD6-A8AB-4F7F-BC0D-96D5D2D1003F}
		{843D3D50-5CEC-4947-9D60-4752E550C08C} = {2CA271D9-6CD6-4FF8-904D-4E92F4400042}
		{FF46C924-0D9D-4205-94AD-0916D25CF325} = {843D3D50-5CEC-4947-9D60-4752E550C08C}
		{D0E3E485-7934-4F5B-BE04-E0AAA09B2667} = {FF46C924-0D9D-4205-94AD-0916D25CF325}
	EndGlobalSection
	GlobalSection(ExtensibilityGlobals) = postSolution
		SolutionGuid = {E356F5B4-E6FA-489B-AD78-856EA2DC2EF2}
	EndGlobalSection
EndGlobal
